
Microsoft Visual Studio Solution File, Format Version 12.00
# Visual Studio Version 17
VisualStudioVersion = 17.3.32901.215
MinimumVisualStudioVersion = 10.0.40219.1
Project("{FAE04EC0-301F-11D3-BF4B-00C04F79EFBC}") = "Day5Problems", "Day5Problems\Day5Problems.csproj", "{7EAAF80F-6863-4EE9-8645-9C502E3D4063}"
EndProject
Global
	GlobalSection(SolutionConfigurationPlatforms) = preSolution
		Debug|Any CPU = Debug|Any CPU
		Release|Any CPU = Release|Any CPU
	EndGlobalSection
	GlobalSection(ProjectConfigurationPlatforms) = postSolution
		{7EAAF80F-6863-4EE9-8645-9C502E3D4063}.Debug|Any CPU.ActiveCfg = Debug|Any CPU
		{7EAAF80F-6863-4EE9-8645-9C502E3D4063}.Debug|Any CPU.Build.0 = Debug|Any CPU
		{7EAAF80F-6863-4EE9-8645-9C502E3D4063}.Release|Any CPU.ActiveCfg = Release|Any CPU
		{7EAAF80F-6863-4EE9-8645-9C502E3D4063}.Release|Any CPU.Build.0 = Release|Any CPU
	EndGlobalSection
	GlobalSection(SolutionProperties) = preSolution
		HideSolutionNode = FALSE
	EndGlobalSection
	GlobalSection(ExtensibilityGlobals) = postSolution
		SolutionGuid = {909B812D-33E0-4620-A9ED-4D948BA0B5E2}
	EndGlobalSection
EndGlobal
